
Microsoft Visual Studio Solution File, Format Version 12.00
# Visual Studio Version 17
Project("{8BC9CEB8-8B4A-11D0-8D11-00A0C91BC942}") = "ALL_BUILD", "ALL_BUILD.vcxproj", "{B26FF769-2098-3700-98C9-454687164EF2}"
	ProjectSection(ProjectDependencies) = postProject
		{237DDC56-7674-3177-840A-EAB5F3387FC1} = {237DDC56-7674-3177-840A-EAB5F3387FC1}
		{79F35BE2-0AD8-3EDB-B630-5A2B203C3D1A} = {79F35BE2-0AD8-3EDB-B630-5A2B203C3D1A}
	EndProjectSection
EndProject
Project("{8BC9CEB8-8B4A-11D0-8D11-00A0C91BC942}") = "ZERO_CHECK", "ZERO_CHECK.vcxproj", "{237DDC56-7674-3177-840A-EAB5F3387FC1}"
	ProjectSection(ProjectDependencies) = postProject
	EndProjectSection
EndProject
Project("{8BC9CEB8-8B4A-11D0-8D11-00A0C91BC942}") = "coc", "coc.vcxproj", "{79F35BE2-0AD8-3EDB-B630-5A2B203C3D1A}"
	ProjectSection(ProjectDependencies) = postProject
		{237DDC56-7674-3177-840A-EAB5F3387FC1} = {237DDC56-7674-3177-840A-EAB5F3387FC1}
	EndProjectSection
EndProject
Global
	GlobalSection(SolutionConfigurationPlatforms) = preSolution
		Debug|x64 = Debug|x64
		Release|x64 = Release|x64
		MinSizeRel|x64 = MinSizeRel|x64
		RelWithDebInfo|x64 = RelWithDebInfo|x64
	EndGlobalSection
	GlobalSection(ProjectConfigurationPlatforms) = postSolution
		{B26FF769-2098-3700-98C9-454687164EF2}.Debug|x64.ActiveCfg = Debug|x64
		{B26FF769-2098-3700-98C9-454687164EF2}.Release|x64.ActiveCfg = Release|x64
		{B26FF769-2098-3700-98C9-454687164EF2}.MinSizeRel|x64.ActiveCfg = MinSizeRel|x64
		{B26FF769-2098-3700-98C9-454687164EF2}.RelWithDebInfo|x64.ActiveCfg = RelWithDebInfo|x64
		{237DDC56-7674-3177-840A-EAB5F3387FC1}.Debug|x64.ActiveCfg = Debug|x64
		{237DDC56-7674-3177-840A-EAB5F3387FC1}.Debug|x64.Build.0 = Debug|x64
		{237DDC56-7674-3177-840A-EAB5F3387FC1}.Release|x64.ActiveCfg = Release|x64
		{237DDC56-7674-3177-840A-EAB5F3387FC1}.Release|x64.Build.0 = Release|x64
		{237DDC56-7674-3177-840A-EAB5F3387FC1}.MinSizeRel|x64.ActiveCfg = MinSizeRel|x64
		{237DDC56-7674-3177-840A-EAB5F3387FC1}.MinSizeRel|x64.Build.0 = MinSizeRel|x64
		{237DDC56-7674-3177-840A-EAB5F3387FC1}.RelWithDebInfo|x64.ActiveCfg = RelWithDebInfo|x64
		{237DDC56-7674-3177-840A-EAB5F3387FC1}.RelWithDebInfo|x64.Build.0 = RelWithDebInfo|x64
		{79F35BE2-0AD8-3EDB-B630-5A2B203C3D1A}.Debug|x64.ActiveCfg = Debug|x64
		{79F35BE2-0AD8-3EDB-B630-5A2B203C3D1A}.Debug|x64.Build.0 = Debug|x64
		{79F35BE2-0AD8-3EDB-B630-5A2B203C3D1A}.Release|x64.ActiveCfg = Release|x64
		{79F35BE2-0AD8-3EDB-B630-5A2B203C3D1A}.Release|x64.Build.0 = Release|x64
		{79F35BE2-0AD8-3EDB-B630-5A2B203C3D1A}.MinSizeRel|x64.ActiveCfg = MinSizeRel|x64
		{79F35BE2-0AD8-3EDB-B630-5A2B203C3D1A}.MinSizeRel|x64.Build.0 = MinSizeRel|x64
		{79F35BE2-0AD8-3EDB-B630-5A2B203C3D1A}.RelWithDebInfo|x64.ActiveCfg = RelWithDebInfo|x64
		{79F35BE2-0AD8-3EDB-B630-5A2B203C3D1A}.RelWithDebInfo|x64.Build.0 = RelWithDebInfo|x64
	EndGlobalSection
	GlobalSection(ExtensibilityGlobals) = postSolution
		SolutionGuid = {086D677A-B1BD-3B2A-8442-4120AA807109}
	EndGlobalSection
	GlobalSection(ExtensibilityAddIns) = postSolution
	EndGlobalSection
EndGlobal
